
Microsoft Visual Studio Solution File, Format Version 12.00
# Visual Studio 2017
Project("{FAE04EC0-301F-11D3-BF4B-00C04F79EFBC}") = "Join", "Join.csproj", "{AC809A15-CFE5-2088-5558-005DBD2BA3C1}"
EndProject
Project("{FAE04EC0-301F-11D3-BF4B-00C04F79EFBC}") = "Join.Editor", "Join.Editor.csproj", "{AE7FE7F7-80D6-61F5-744A-7D70429E8B14}"
EndProject
Global
	GlobalSection(SolutionConfigurationPlatforms) = preSolution
		Debug|Any CPU = Debug|Any CPU
		Release|Any CPU = Release|Any CPU
	EndGlobalSection
	GlobalSection(ProjectConfigurationPlatforms) = postSolution
		{AC809A15-CFE5-2088-5558-005DBD2BA3C1}.Debug|Any CPU.ActiveCfg = Debug|Any CPU
		{AC809A15-CFE5-2088-5558-005DBD2BA3C1}.Debug|Any CPU.Build.0 = Debug|Any CPU
		{AC809A15-CFE5-2088-5558-005DBD2BA3C1}.Release|Any CPU.ActiveCfg = Release|Any CPU
		{AC809A15-CFE5-2088-5558-005DBD2BA3C1}.Release|Any CPU.Build.0 = Release|Any CPU
		{AE7FE7F7-80D6-61F5-744A-7D70429E8B14}.Debug|Any CPU.ActiveCfg = Debug|Any CPU
		{AE7FE7F7-80D6-61F5-744A-7D70429E8B14}.Debug|Any CPU.Build.0 = Debug|Any CPU
		{AE7FE7F7-80D6-61F5-744A-7D70429E8B14}.Release|Any CPU.ActiveCfg = Release|Any CPU
		{AE7FE7F7-80D6-61F5-744A-7D70429E8B14}.Release|Any CPU.Build.0 = Release|Any CPU
	EndGlobalSection
	GlobalSection(SolutionProperties) = preSolution
		HideSolutionNode = FALSE
	EndGlobalSection
EndGlobal
